// !$*UTF8*$!
{
	archiveVersion = 1;
	classes = {
	};
	objectVersion = 77;
	objects = {

/* Begin PBXBuildFile section */
		FF27DCB22F14FA02004178DE /* UniformTypeIdentifiers.framework in Frameworks */ = {isa = PBXBuildFile; fileRef = FF27DCB12F14FA02004178DE /* UniformTypeIdentifiers.framework */; };
		FF27DCBE2F14FA02004178DE /* ConvexAssetMountProvider.appex in Embed Foundation Extensions */ = {isa = PBXBuildFile; fileRef = FF27DCAF2F14FA02004178DE /* ConvexAssetMountProvider.appex */; settings = {ATTRIBUTES = (RemoveHeadersOnCopy, ); }; };
		FF27DCC72F14FC08004178DE /* ConvexClient.swift in Sources */ = {isa = PBXBuildFile; fileRef = FF27DCC52F14FC08004178DE /* ConvexClient.swift */; };
		FF27DCC82F14FC08004178DE /* AppConfiguration.swift in Sources */ = {isa = PBXBuildFile; fileRef = FF27DCC42F14FC08004178DE /* AppConfiguration.swift */; };
		FF27DCC92F14FC08004178DE /* ConvexTypes.swift in Sources */ = {isa = PBXBuildFile; fileRef = FF27DCC62F14FC08004178DE /* ConvexTypes.swift */; };
		FF27DCCA2F14FC08004178DE /* ConvexClient.swift in Sources */ = {isa = PBXBuildFile; fileRef = FF27DCC52F14FC08004178DE /* ConvexClient.swift */; };
		FF27DCCB2F14FC08004178DE /* AppConfiguration.swift in Sources */ = {isa = PBXBuildFile; fileRef = FF27DCC42F14FC08004178DE /* AppConfiguration.swift */; };
		FF27DCCC2F14FC08004178DE /* ConvexTypes.swift in Sources */ = {isa = PBXBuildFile; fileRef = FF27DCC62F14FC08004178DE /* ConvexTypes.swift */; };
/* End PBXBuildFile section */

/* Begin PBXContainerItemProxy section */
		FF27DCBC2F14FA02004178DE /* PBXContainerItemProxy */ = {
			isa = PBXContainerItemProxy;
			containerPortal = FF27DC872F14F96A004178DE /* Project object */;
			proxyType = 1;
			remoteGlobalIDString = FF27DCAE2F14FA02004178DE;
			remoteInfo = ConvexAssetMountProvider;
		};
/* End PBXContainerItemProxy section */

/* Begin PBXCopyFilesBuildPhase section */
		FF27DCBF2F14FA02004178DE /* Embed Foundation Extensions */ = {
			isa = PBXCopyFilesBuildPhase;
			buildActionMask = 2147483647;
			dstPath = "";
			dstSubfolderSpec = 13;
			files = (
				FF27DCBE2F14FA02004178DE /* ConvexAssetMountProvider.appex in Embed Foundation Extensions */,
			);
			name = "Embed Foundation Extensions";
			runOnlyForDeploymentPostprocessing = 0;
		};
/* End PBXCopyFilesBuildPhase section */

/* Begin PBXFileReference section */
		FF27DC8F2F14F96A004178DE /* ConvexReactiveAssets.app */ = {isa = PBXFileReference; explicitFileType = wrapper.application; includeInIndex = 0; path = ConvexReactiveAssets.app; sourceTree = BUILT_PRODUCTS_DIR; };
		FF27DCAF2F14FA02004178DE /* ConvexAssetMountProvider.appex */ = {isa = PBXFileReference; explicitFileType = "wrapper.app-extension"; includeInIndex = 0; path = ConvexAssetMountProvider.appex; sourceTree = BUILT_PRODUCTS_DIR; };
		FF27DCB12F14FA02004178DE /* UniformTypeIdentifiers.framework */ = {isa = PBXFileReference; lastKnownFileType = wrapper.framework; name = UniformTypeIdentifiers.framework; path = System/Library/Frameworks/UniformTypeIdentifiers.framework; sourceTree = SDKROOT; };
		FF27DCC42F14FC08004178DE /* AppConfiguration.swift */ = {isa = PBXFileReference; lastKnownFileType = sourcecode.swift; name = AppConfiguration.swift; path = Shared/AppConfiguration.swift; sourceTree = "<group>"; };
		FF27DCC52F14FC08004178DE /* ConvexClient.swift */ = {isa = PBXFileReference; lastKnownFileType = sourcecode.swift; name = ConvexClient.swift; path = Shared/ConvexClient.swift; sourceTree = "<group>"; };
		FF27DCC62F14FC08004178DE /* ConvexTypes.swift */ = {isa = PBXFileReference; lastKnownFileType = sourcecode.swift; name = ConvexTypes.swift; path = Shared/ConvexTypes.swift; sourceTree = "<group>"; };
/* End PBXFileReference section */

/* Begin PBXFileSystemSynchronizedBuildFileExceptionSet section */
		FF27DCC22F14FA02004178DE /* Exceptions for "ConvexAssetMountProvider" folder in "ConvexAssetMountProvider" target */ = {
			isa = PBXFileSystemSynchronizedBuildFileExceptionSet;
			membershipExceptions = (
				Info.plist,
			);
			target = FF27DCAE2F14FA02004178DE /* ConvexAssetMountProvider */;
		};
/* End PBXFileSystemSynchronizedBuildFileExceptionSet section */

/* Begin PBXFileSystemSynchronizedRootGroup section */
		FF27DC912F14F96A004178DE /* ConvexReactiveAssets */ = {
			isa = PBXFileSystemSynchronizedRootGroup;
			path = ConvexReactiveAssets;
			sourceTree = "<group>";
		};
		FF27DCB32F14FA02004178DE /* ConvexAssetMountProvider */ = {
			isa = PBXFileSystemSynchronizedRootGroup;
			exceptions = (
				FF27DCC22F14FA02004178DE /* Exceptions for "ConvexAssetMountProvider" folder in "ConvexAssetMountProvider" target */,
			);
			path = ConvexAssetMountProvider;
			sourceTree = "<group>";
		};
/* End PBXFileSystemSynchronizedRootGroup section */

/* Begin PBXFrameworksBuildPhase section */
		FF27DC8C2F14F96A004178DE /* Frameworks */ = {
			isa = PBXFrameworksBuildPhase;
			buildActionMask = 2147483647;
			files = (
			);
			runOnlyForDeploymentPostprocessing = 0;
		};
		FF27DCAC2F14FA02004178DE /* Frameworks */ = {
			isa = PBXFrameworksBuildPhase;
			buildActionMask = 2147483647;
			files = (
				FF27DCB22F14FA02004178DE /* UniformTypeIdentifiers.framework in Frameworks */,
			);
			runOnlyForDeploymentPostprocessing = 0;
		};
/* End PBXFrameworksBuildPhase section */

/* Begin PBXGroup section */
		FF27DC862F14F96A004178DE = {
			isa = PBXGroup;
			children = (
				FF27DCC42F14FC08004178DE /* AppConfiguration.swift */,
				FF27DCC52F14FC08004178DE /* ConvexClient.swift */,
				FF27DCC62F14FC08004178DE /* ConvexTypes.swift */,
				FF27DC912F14F96A004178DE /* ConvexReactiveAssets */,
				FF27DCB32F14FA02004178DE /* ConvexAssetMountProvider */,
				FF27DCB02F14FA02004178DE /* Frameworks */,
				FF27DC902F14F96A004178DE /* Products */,
			);
			sourceTree = "<group>";
		};
		FF27DC902F14F96A004178DE /* Products */ = {
			isa = PBXGroup;
			children = (
				FF27DC8F2F14F96A004178DE /* ConvexReactiveAssets.app */,
				FF27DCAF2F14FA02004178DE /* ConvexAssetMountProvider.appex */,
			);
			name = Products;
			sourceTree = "<group>";
		};
		FF27DCB02F14FA02004178DE /* Frameworks */ = {
			isa = PBXGroup;
			children = (
				FF27DCB12F14FA02004178DE /* UniformTypeIdentifiers.framework */,
			);
			name = Frameworks;
			sourceTree = "<group>";
		};
/* End PBXGroup section */

/* Begin PBXNativeTarget section */
		FF27DC8E2F14F96A004178DE /* ConvexReactiveAssets */ = {
			isa = PBXNativeTarget;
			buildConfigurationList = FF27DC9E2F14F96D004178DE /* Build configuration list for PBXNativeTarget "ConvexReactiveAssets" */;
			buildPhases = (
				FF27DC8B2F14F96A004178DE /* Sources */,
				FF27DC8C2F14F96A004178DE /* Frameworks */,
				FF27DC8D2F14F96A004178DE /* Resources */,
				FF27DCBF2F14FA02004178DE /* Embed Foundation Extensions */,
			);
			buildRules = (
			);
			dependencies = (
				FF27DCBD2F14FA02004178DE /* PBXTargetDependency */,
			);
			fileSystemSynchronizedGroups = (
				FF27DC912F14F96A004178DE /* ConvexReactiveAssets */,
			);
			name = ConvexReactiveAssets;
			packageProductDependencies = (
			);
			productName = ConvexReactiveAssets;
			productReference = FF27DC8F2F14F96A004178DE /* ConvexReactiveAssets.app */;
			productType = "com.apple.product-type.application";
		};
		FF27DCAE2F14FA02004178DE /* ConvexAssetMountProvider */ = {
			isa = PBXNativeTarget;
			buildConfigurationList = FF27DCC32F14FA02004178DE /* Build configuration list for PBXNativeTarget "ConvexAssetMountProvider" */;
			buildPhases = (
				FF27DCAB2F14FA02004178DE /* Sources */,
				FF27DCAC2F14FA02004178DE /* Frameworks */,
				FF27DCAD2F14FA02004178DE /* Resources */,
			);
			buildRules = (
			);
			dependencies = (
			);
			fileSystemSynchronizedGroups = (
				FF27DCB32F14FA02004178DE /* ConvexAssetMountProvider */,
			);
			name = ConvexAssetMountProvider;
			packageProductDependencies = (
			);
			productName = ConvexAssetMountProvider;
			productReference = FF27DCAF2F14FA02004178DE /* ConvexAssetMountProvider.appex */;
			productType = "com.apple.product-type.app-extension";
		};
/* End PBXNativeTarget section */

/* Begin PBXProject section */
		FF27DC872F14F96A004178DE /* Project object */ = {
			isa = PBXProject;
			attributes = {
				BuildIndependentTargetsInParallel = 1;
				LastSwiftUpdateCheck = 1620;
				LastUpgradeCheck = 1620;
				TargetAttributes = {
					FF27DC8E2F14F96A004178DE = {
						CreatedOnToolsVersion = 16.2;
					};
					FF27DCAE2F14FA02004178DE = {
						CreatedOnToolsVersion = 16.2;
					};
				};
			};
			buildConfigurationList = FF27DC8A2F14F96A004178DE /* Build configuration list for PBXProject "ConvexReactiveAssets" */;
			developmentRegion = en;
			hasScannedForEncodings = 0;
			knownRegions = (
				en,
				Base,
			);
			mainGroup = FF27DC862F14F96A004178DE;
			minimizedProjectReferenceProxies = 1;
			preferredProjectObjectVersion = 77;
			productRefGroup = FF27DC902F14F96A004178DE /* Products */;
			projectDirPath = "";
			projectRoot = "";
			targets = (
				FF27DC8E2F14F96A004178DE /* ConvexReactiveAssets */,
				FF27DCAE2F14FA02004178DE /* ConvexAssetMountProvider */,
			);
		};
/* End PBXProject section */

/* Begin PBXResourcesBuildPhase section */
		FF27DC8D2F14F96A004178DE /* Resources */ = {
			isa = PBXResourcesBuildPhase;
			buildActionMask = 2147483647;
			files = (
			);
			runOnlyForDeploymentPostprocessing = 0;
		};
		FF27DCAD2F14FA02004178DE /* Resources */ = {
			isa = PBXResourcesBuildPhase;
			buildActionMask = 2147483647;
			files = (
			);
			runOnlyForDeploymentPostprocessing = 0;
		};
/* End PBXResourcesBuildPhase section */

/* Begin PBXSourcesBuildPhase section */
		FF27DC8B2F14F96A004178DE /* Sources */ = {
			isa = PBXSourcesBuildPhase;
			buildActionMask = 2147483647;
			files = (
				FF27DCC72F14FC08004178DE /* ConvexClient.swift in Sources */,
				FF27DCC82F14FC08004178DE /* AppConfiguration.swift in Sources */,
				FF27DCC92F14FC08004178DE /* ConvexTypes.swift in Sources */,
			);
			runOnlyForDeploymentPostprocessing = 0;
		};
		FF27DCAB2F14FA02004178DE /* Sources */ = {
			isa = PBXSourcesBuildPhase;
			buildActionMask = 2147483647;
			files = (
				FF27DCCA2F14FC08004178DE /* ConvexClient.swift in Sources */,
				FF27DCCB2F14FC08004178DE /* AppConfiguration.swift in Sources */,
				FF27DCCC2F14FC08004178DE /* ConvexTypes.swift in Sources */,
			);
			runOnlyForDeploymentPostprocessing = 0;
		};
/* End PBXSourcesBuildPhase section */

/* Begin PBXTargetDependency section */
		FF27DCBD2F14FA02004178DE /* PBXTargetDependency */ = {
			isa = PBXTargetDependency;
			target = FF27DCAE2F14FA02004178DE /* ConvexAssetMountProvider */;
			targetProxy = FF27DCBC2F14FA02004178DE /* PBXContainerItemProxy */;
		};
/* End PBXTargetDependency section */

/* Begin XCBuildConfiguration section */
		FF27DC9C2F14F96D004178DE /* Debug */ = {
			isa = XCBuildConfiguration;
			buildSettings = {
				ALWAYS_SEARCH_USER_PATHS = NO;
				ASSETCATALOG_COMPILER_GENERATE_SWIFT_ASSET_SYMBOL_EXTENSIONS = YES;
				CLANG_ANALYZER_NONNULL = YES;
				CLANG_ANALYZER_NUMBER_OBJECT_CONVERSION = YES_AGGRESSIVE;
				CLANG_CXX_LANGUAGE_STANDARD = "gnu++20";
				CLANG_ENABLE_MODULES = YES;
				CLANG_ENABLE_OBJC_ARC = YES;
				CLANG_ENABLE_OBJC_WEAK = YES;
				CLANG_WARN_BLOCK_CAPTURE_AUTORELEASING = YES;
				CLANG_WARN_BOOL_CONVERSION = YES;
				CLANG_WARN_COMMA = YES;
				CLANG_WARN_CONSTANT_CONVERSION = YES;
				CLANG_WARN_DEPRECATED_OBJC_IMPLEMENTATIONS = YES;
				CLANG_WARN_DIRECT_OBJC_ISA_USAGE = YES_ERROR;
				CLANG_WARN_DOCUMENTATION_COMMENTS = YES;
				CLANG_WARN_EMPTY_BODY = YES;
				CLANG_WARN_ENUM_CONVERSION = YES;
				CLANG_WARN_INFINITE_RECURSION = YES;
				CLANG_WARN_INT_CONVERSION = YES;
				CLANG_WARN_NON_LITERAL_NULL_CONVERSION = YES;
				CLANG_WARN_OBJC_IMPLICIT_RETAIN_SELF = YES;
				CLANG_WARN_OBJC_LITERAL_CONVERSION = YES;
				CLANG_WARN_OBJC_ROOT_CLASS = YES_ERROR;
				CLANG_WARN_QUOTED_INCLUDE_IN_FRAMEWORK_HEADER = YES;
				CLANG_WARN_RANGE_LOOP_ANALYSIS = YES;
				CLANG_WARN_STRICT_PROTOTYPES = YES;
				CLANG_WARN_SUSPICIOUS_MOVE = YES;
				CLANG_WARN_UNGUARDED_AVAILABILITY = YES_AGGRESSIVE;
				CLANG_WARN_UNREACHABLE_CODE = YES;
				CLANG_WARN__DUPLICATE_METHOD_MATCH = YES;
				COPY_PHASE_STRIP = NO;
				DEBUG_INFORMATION_FORMAT = dwarf;
				ENABLE_STRICT_OBJC_MSGSEND = YES;
				ENABLE_TESTABILITY = YES;
				ENABLE_USER_SCRIPT_SANDBOXING = YES;
				GCC_C_LANGUAGE_STANDARD = gnu17;
				GCC_DYNAMIC_NO_PIC = NO;
				GCC_NO_COMMON_BLOCKS = YES;
				GCC_OPTIMIZATION_LEVEL = 0;
				GCC_PREPROCESSOR_DEFINITIONS = (
					"DEBUG=1",
					"$(inherited)",
				);
				GCC_WARN_64_TO_32_BIT_CONVERSION = YES;
				GCC_WARN_ABOUT_RETURN_TYPE = YES_ERROR;
				GCC_WARN_UNDECLARED_SELECTOR = YES;
				GCC_WARN_UNINITIALIZED_AUTOS = YES_AGGRESSIVE;
				GCC_WARN_UNUSED_FUNCTION = YES;
				GCC_WARN_UNUSED_VARIABLE = YES;
				LOCALIZATION_PREFERS_STRING_CATALOGS = YES;
				MACOSX_DEPLOYMENT_TARGET = 15.2;
				MTL_ENABLE_DEBUG_INFO = INCLUDE_SOURCE;
				MTL_FAST_MATH = YES;
				ONLY_ACTIVE_ARCH = YES;
				SDKROOT = macosx;
				SWIFT_ACTIVE_COMPILATION_CONDITIONS = "DEBUG $(inherited)";
				SWIFT_OPTIMIZATION_LEVEL = "-Onone";
			};
			name = Debug;
		};
		FF27DC9D2F14F96D004178DE /* Release */ = {
			isa = XCBuildConfiguration;
			buildSettings = {
				ALWAYS_SEARCH_USER_PATHS = NO;
				ASSETCATALOG_COMPILER_GENERATE_SWIFT_ASSET_SYMBOL_EXTENSIONS = YES;
				CLANG_ANALYZER_NONNULL = YES;
				CLANG_ANALYZER_NUMBER_OBJECT_CONVERSION = YES_AGGRESSIVE;
				CLANG_CXX_LANGUAGE_STANDARD = "gnu++20";
				CLANG_ENABLE_MODULES = YES;
				CLANG_ENABLE_OBJC_ARC = YES;
				CLANG_ENABLE_OBJC_WEAK = YES;
				CLANG_WARN_BLOCK_CAPTURE_AUTORELEASING = YES;
				CLANG_WARN_BOOL_CONVERSION = YES;
				CLANG_WARN_COMMA = YES;
				CLANG_WARN_CONSTANT_CONVERSION = YES;
				CLANG_WARN_DEPRECATED_OBJC_IMPLEMENTATIONS = YES;
				CLANG_WARN_DIRECT_OBJC_ISA_USAGE = YES_ERROR;
				CLANG_WARN_DOCUMENTATION_COMMENTS = YES;
				CLANG_WARN_EMPTY_BODY = YES;
				CLANG_WARN_ENUM_CONVERSION = YES;
				CLANG_WARN_INFINITE_RECURSION = YES;
				CLANG_WARN_INT_CONVERSION = YES;
				CLANG_WARN_NON_LITERAL_NULL_CONVERSION = YES;
				CLANG_WARN_OBJC_IMPLICIT_RETAIN_SELF = YES;
				CLANG_WARN_OBJC_LITERAL_CONVERSION = YES;
				CLANG_WARN_OBJC_ROOT_CLASS = YES_ERROR;
				CLANG_WARN_QUOTED_INCLUDE_IN_FRAMEWORK_HEADER = YES;
				CLANG_WARN_RANGE_LOOP_ANALYSIS = YES;
				CLANG_WARN_STRICT_PROTOTYPES = YES;
				CLANG_WARN_SUSPICIOUS_MOVE = YES;
				CLANG_WARN_UNGUARDED_AVAILABILITY = YES_AGGRESSIVE;
				CLANG_WARN_UNREACHABLE_CODE = YES;
				CLANG_WARN__DUPLICATE_METHOD_MATCH = YES;
				COPY_PHASE_STRIP = NO;
				DEBUG_INFORMATION_FORMAT = "dwarf-with-dsym";
				ENABLE_NS_ASSERTIONS = NO;
				ENABLE_STRICT_OBJC_MSGSEND = YES;
				ENABLE_USER_SCRIPT_SANDBOXING = YES;
				GCC_C_LANGUAGE_STANDARD = gnu17;
				GCC_NO_COMMON_BLOCKS = YES;
				GCC_WARN_64_TO_32_BIT_CONVERSION = YES;
				GCC_WARN_ABOUT_RETURN_TYPE = YES_ERROR;
				GCC_WARN_UNDECLARED_SELECTOR = YES;
				GCC_WARN_UNINITIALIZED_AUTOS = YES_AGGRESSIVE;
				GCC_WARN_UNUSED_FUNCTION = YES;
				GCC_WARN_UNUSED_VARIABLE = YES;
				LOCALIZATION_PREFERS_STRING_CATALOGS = YES;
				MACOSX_DEPLOYMENT_TARGET = 15.2;
				MTL_ENABLE_DEBUG_INFO = NO;
				MTL_FAST_MATH = YES;
				SDKROOT = macosx;
				SWIFT_COMPILATION_MODE = wholemodule;
			};
			name = Release;
		};
		FF27DC9F2F14F96D004178DE /* Debug */ = {
			isa = XCBuildConfiguration;
			buildSettings = {
				ASSETCATALOG_COMPILER_APPICON_NAME = AppIcon;
				ASSETCATALOG_COMPILER_GLOBAL_ACCENT_COLOR_NAME = AccentColor;
				CODE_SIGN_ENTITLEMENTS = ConvexReactiveAssets/ConvexReactiveAssets.entitlements;
				"CODE_SIGN_IDENTITY[sdk=macosx*]" = "Apple Development";
				CODE_SIGN_STYLE = Automatic;
				COMBINE_HIDPI_IMAGES = YES;
				CURRENT_PROJECT_VERSION = 1;
				DEVELOPMENT_ASSET_PATHS = "\"ConvexReactiveAssets/Preview Content\"";
				DEVELOPMENT_TEAM = 6CT6LJPY6T;
				ENABLE_PREVIEWS = YES;
				GENERATE_INFOPLIST_FILE = YES;
				INFOPLIST_KEY_NSHumanReadableCopyright = "";
				LD_RUNPATH_SEARCH_PATHS = (
					"$(inherited)",
					"@executable_path/../Frameworks",
				);
				MARKETING_VERSION = 1.0;
				PRODUCT_BUNDLE_IDENTIFIER = pro.lgandecki.ConvexReactiveAssets;
				PRODUCT_NAME = "$(TARGET_NAME)";
				SWIFT_EMIT_LOC_STRINGS = YES;
				SWIFT_VERSION = 5.0;
			};
			name = Debug;
		};
		FF27DCA02F14F96D004178DE /* Release */ = {
			isa = XCBuildConfiguration;
			buildSettings = {
				ASSETCATALOG_COMPILER_APPICON_NAME = AppIcon;
				ASSETCATALOG_COMPILER_GLOBAL_ACCENT_COLOR_NAME = AccentColor;
				CODE_SIGN_ENTITLEMENTS = ConvexReactiveAssets/ConvexReactiveAssets.entitlements;
				"CODE_SIGN_IDENTITY[sdk=macosx*]" = "Apple Development";
				CODE_SIGN_STYLE = Automatic;
				COMBINE_HIDPI_IMAGES = YES;
				CURRENT_PROJECT_VERSION = 1;
				DEVELOPMENT_ASSET_PATHS = "\"ConvexReactiveAssets/Preview Content\"";
				DEVELOPMENT_TEAM = 6CT6LJPY6T;
				ENABLE_PREVIEWS = YES;
				GENERATE_INFOPLIST_FILE = YES;
				INFOPLIST_KEY_NSHumanReadableCopyright = "";
				LD_RUNPATH_SEARCH_PATHS = (
					"$(inherited)",
					"@executable_path/../Frameworks",
				);
				MARKETING_VERSION = 1.0;
				PRODUCT_BUNDLE_IDENTIFIER = pro.lgandecki.ConvexReactiveAssets;
				PRODUCT_NAME = "$(TARGET_NAME)";
				SWIFT_EMIT_LOC_STRINGS = YES;
				SWIFT_VERSION = 5.0;
			};
			name = Release;
		};
		FF27DCC02F14FA02004178DE /* Debug */ = {
			isa = XCBuildConfiguration;
			buildSettings = {
				CODE_SIGN_ENTITLEMENTS = ConvexAssetMountProvider/ConvexAssetMountProvider.entitlements;
				CODE_SIGN_STYLE = Automatic;
				CURRENT_PROJECT_VERSION = 1;
				DEVELOPMENT_TEAM = 6CT6LJPY6T;
				GENERATE_INFOPLIST_FILE = YES;
				INFOPLIST_FILE = ConvexAssetMountProvider/Info.plist;
				INFOPLIST_KEY_CFBundleDisplayName = ConvexAssetMountProvider;
				INFOPLIST_KEY_NSHumanReadableCopyright = "";
				LD_RUNPATH_SEARCH_PATHS = (
					"$(inherited)",
					"@executable_path/../Frameworks",
					"@executable_path/../../../../Frameworks",
				);
				MARKETING_VERSION = 1.0;
				PRODUCT_BUNDLE_IDENTIFIER = pro.lgandecki.ConvexReactiveAssets.ConvexAssetMountProvider;
				PRODUCT_NAME = "$(TARGET_NAME)";
				SKIP_INSTALL = YES;
				SWIFT_EMIT_LOC_STRINGS = YES;
				SWIFT_VERSION = 5.0;
			};
			name = Debug;
		};
		FF27DCC12F14FA02004178DE /* Release */ = {
			isa = XCBuildConfiguration;
			buildSettings = {
				CODE_SIGN_ENTITLEMENTS = ConvexAssetMountProvider/ConvexAssetMountProvider.entitlements;
				CODE_SIGN_STYLE = Automatic;
				CURRENT_PROJECT_VERSION = 1;
				DEVELOPMENT_TEAM = 6CT6LJPY6T;
				GENERATE_INFOPLIST_FILE = YES;
				INFOPLIST_FILE = ConvexAssetMountProvider/Info.plist;
				INFOPLIST_KEY_CFBundleDisplayName = ConvexAssetMountProvider;
				INFOPLIST_KEY_NSHumanReadableCopyright = "";
				LD_RUNPATH_SEARCH_PATHS = (
					"$(inherited)",
					"@executable_path/../Frameworks",
					"@executable_path/../../../../Frameworks",
				);
				MARKETING_VERSION = 1.0;
				PRODUCT_BUNDLE_IDENTIFIER = pro.lgandecki.ConvexReactiveAssets.ConvexAssetMountProvider;
				PRODUCT_NAME = "$(TARGET_NAME)";
				SKIP_INSTALL = YES;
				SWIFT_EMIT_LOC_STRINGS = YES;
				SWIFT_VERSION = 5.0;
			};
			name = Release;
		};
/* End XCBuildConfiguration section */

/* Begin XCConfigurationList section */
		FF27DC8A2F14F96A004178DE /* Build configuration list for PBXProject "ConvexReactiveAssets" */ = {
			isa = XCConfigurationList;
			buildConfigurations = (
				FF27DC9C2F14F96D004178DE /* Debug */,
				FF27DC9D2F14F96D004178DE /* Release */,
			);
			defaultConfigurationIsVisible = 0;
			defaultConfigurationName = Release;
		};
		FF27DC9E2F14F96D004178DE /* Build configuration list for PBXNativeTarget "ConvexReactiveAssets" */ = {
			isa = XCConfigurationList;
			buildConfigurations = (
				FF27DC9F2F14F96D004178DE /* Debug */,
				FF27DCA02F14F96D004178DE /* Release */,
			);
			defaultConfigurationIsVisible = 0;
			defaultConfigurationName = Release;
		};
		FF27DCC32F14FA02004178DE /* Build configuration list for PBXNativeTarget "ConvexAssetMountProvider" */ = {
			isa = XCConfigurationList;
			buildConfigurations = (
				FF27DCC02F14FA02004178DE /* Debug */,
				FF27DCC12F14FA02004178DE /* Release */,
			);
			defaultConfigurationIsVisible = 0;
			defaultConfigurationName = Release;
		};
/* End XCConfigurationList section */
	};
	rootObject = FF27DC872F14F96A004178DE /* Project object */;
}
